
Microsoft Visual Studio Solution File, Format Version 12.00
# Visual Studio Version 16
VisualStudioVersion = 16.0.28922.388
MinimumVisualStudioVersion = 10.0.40219.1
Project("{888888A0-9F3D-457C-B088-3A5042F75D52}") = "Hello", "Hello.pyproj", "{E0A1DD1C-4772-4873-AC48-91DC8F3DC3D3}"
EndProject
Global
	GlobalSection(SolutionConfigurationPlatforms) = preSolution
		Debug|Any CPU = Debug|Any CPU
		Release|Any CPU = Release|Any CPU
	EndGlobalSection
	GlobalSection(ProjectConfigurationPlatforms) = postSolution
		{E0A1DD1C-4772-4873-AC48-91DC8F3DC3D3}.Debug|Any CPU.ActiveCfg = Debug|Any CPU
		{E0A1DD1C-4772-4873-AC48-91DC8F3DC3D3}.Release|Any CPU.ActiveCfg = Release|Any CPU
	EndGlobalSection
	GlobalSection(SolutionProperties) = preSolution
		HideSolutionNode = FALSE
	EndGlobalSection
	GlobalSection(ExtensibilityGlobals) = postSolution
		SolutionGuid = {CE60E7C6-0622-4E97-B489-239E68A9C311}
	EndGlobalSection
EndGlobal
